
Microsoft Visual Studio Solution File, Format Version 12.00
# Visual Studio Version 17
VisualStudioVersion = 17.2.32519.379
MinimumVisualStudioVersion = 10.0.40219.1
Project("{9A19103F-16F7-4668-BE54-9A1E7A4F7556}") = "MyEshop_2", "MyEshop_2\MyEshop_2.csproj", "{E34214BB-9374-4EAE-B99D-0F4578FAAC1F}"
EndProject
Global
	GlobalSection(SolutionConfigurationPlatforms) = preSolution
		Debug|Any CPU = Debug|Any CPU
		Release|Any CPU = Release|Any CPU
	EndGlobalSection
	GlobalSection(ProjectConfigurationPlatforms) = postSolution
		{E34214BB-9374-4EAE-B99D-0F4578FAAC1F}.Debug|Any CPU.ActiveCfg = Debug|Any CPU
		{E34214BB-9374-4EAE-B99D-0F4578FAAC1F}.Debug|Any CPU.Build.0 = Debug|Any CPU
		{E34214BB-9374-4EAE-B99D-0F4578FAAC1F}.Release|Any CPU.ActiveCfg = Release|Any CPU
		{E34214BB-9374-4EAE-B99D-0F4578FAAC1F}.Release|Any CPU.Build.0 = Release|Any CPU
	EndGlobalSection
	GlobalSection(SolutionProperties) = preSolution
		HideSolutionNode = FALSE
	EndGlobalSection
	GlobalSection(ExtensibilityGlobals) = postSolution
		SolutionGuid = {2079052C-0E98-41A3-B444-17B6E213D8D7}
	EndGlobalSection
EndGlobal
